{
  "name": "blog",
  "version": "1.0.0",
  "lockfileVersion": 1,
  "requires": true,
  "dependencies": {
    "@robb_j/r0b-design": {
      "version": "0.2.1",
      "resolved": "https://registry.npmjs.org/@robb_j/r0b-design/-/r0b-design-0.2.1.tgz",
      "integrity": "sha512-fJx8GH6gbh/rivM4ldNntHTKrkc01orCbwVEHknhSOU1qkAcj9eG0Ku26KuOIAjEdqs7ZvpiK8SMgNR3JbwXxg=="
    }
  }
}
