{
  "name": "another-module",
  "version": "1.0.0",
  "lockfileVersion": 2,
  "requires": true,
  "packages": {
    "": {
      "name": "another-module",
      "version": "1.0.0",
      "license": "ISC",
      "dependencies": {
        "@robb_j/my-module": "file:../"
      },
      "devDependencies": {
        "typescript": "4.8"
      }
    },
    "..": {
      "version": "1.2.3",
      "devDependencies": {
        "typescript": "^4.8.4"
      }
    },
    "../examples/nodejs-typescript-esm": {
      "version": "1.2.3",
      "extraneous": true,
      "devDependencies": {
        "typescript": "^4.8.4"
      }
    },
    "node_modules/@robb_j/my-module": {
      "resolved": "..",
      "link": true
    },
    "node_modules/typescript": {
      "version": "4.8.4",
      "resolved": "https://registry.npmjs.org/typescript/-/typescript-4.8.4.tgz",
      "integrity": "sha512-QCh+85mCy+h0IGff8r5XWzOVSbBO+KfeYrMQh7NJ58QujwcE22u+NUSmUxqF+un70P9GXKxa2HCNiTTMJknyjQ==",
      "dev": true,
      "bin": {
        "tsc": "bin/tsc",
        "tsserver": "bin/tsserver"
      },
      "engines": {
        "node": ">=4.2.0"
      }
    }
  },
  "dependencies": {
    "@robb_j/my-module": {
      "version": "file:..",
      "requires": {
        "typescript": "^4.8.4"
      }
    },
    "typescript": {
      "version": "4.8.4",
      "resolved": "https://registry.npmjs.org/typescript/-/typescript-4.8.4.tgz",
      "integrity": "sha512-QCh+85mCy+h0IGff8r5XWzOVSbBO+KfeYrMQh7NJ58QujwcE22u+NUSmUxqF+un70P9GXKxa2HCNiTTMJknyjQ==",
      "dev": true
    }
  }
}
